
Microsoft Visual Studio Solution File, Format Version 12.00
# Visual Studio 15
VisualStudioVersion = 15.0.28307.2092
MinimumVisualStudioVersion = 10.0.40219.1
Project("{FAE04EC0-301F-11D3-BF4B-00C04F79EFBC}") = "MultiThread_01_UpdateUI", "MultiThread_01_UpdateUI\MultiThread_01_UpdateUI.csproj", "{3643ADCE-3A22-4702-8194-3C7BC51C0790}"
EndProject
Project("{FAE04EC0-301F-11D3-BF4B-00C04F79EFBC}") = "MultiThread_02_UpdateUI", "MultiThread_02_UpdateUI\MultiThread_02_UpdateUI.csproj", "{FBBA4342-4721-4927-A369-F6BFE5FC4B23}"
EndProject
Project("{FAE04EC0-301F-11D3-BF4B-00C04F79EFBC}") = "DataExchange_01_PullDriven", "DataExchange_01_PullDriven\DataExchange_01_PullDriven.csproj", "{EFB3D66C-B80B-4EBE-AFED-20BC01B56252}"
EndProject
Project("{FAE04EC0-301F-11D3-BF4B-00C04F79EFBC}") = "DataExchange_02_PushDriven", "DataExchange_02_PushDriven\DataExchange_02_PushDriven.csproj", "{56C5E564-8F59-4654-BC5B-C845E71BAEF9}"
EndProject
Project("{FAE04EC0-301F-11D3-BF4B-00C04F79EFBC}") = "DataExchange_03_INotifyPropertyChanged", "DataExchange_03_INotifyPropertyChanged\DataExchange_03_INotifyPropertyChanged.csproj", "{E4507209-1388-4E27-A0B6-CE8076E7338C}"
EndProject
Project("{2150E333-8FDC-42A3-9474-1A3956D46DE8}") = "ServerClient", "ServerClient", "{2B008A1E-8BF0-45C8-8525-5EF54AA72CD5}"
EndProject
Project("{FAE04EC0-301F-11D3-BF4B-00C04F79EFBC}") = "Server_01_TCP", "Server_01_TCP\Server_01_TCP.csproj", "{9557597D-EE7A-4C75-BBD2-1F213E351B7E}"
EndProject
Project("{FAE04EC0-301F-11D3-BF4B-00C04F79EFBC}") = "Client_01_TCP", "Client_01_TCP\Client_01_TCP.csproj", "{279A714D-B310-4EBC-9B8C-BD00B0B9B4BD}"
EndProject
Project("{2150E333-8FDC-42A3-9474-1A3956D46DE8}") = "DataExchange", "DataExchange", "{E9D37720-0626-42EA-968B-0D9BACEE3A31}"
EndProject
Project("{2150E333-8FDC-42A3-9474-1A3956D46DE8}") = "MultiThread", "MultiThread", "{6780C23F-0615-4B75-B059-F03DE9A81328}"
EndProject
Global
	GlobalSection(SolutionConfigurationPlatforms) = preSolution
		Debug|Any CPU = Debug|Any CPU
		Release|Any CPU = Release|Any CPU
	EndGlobalSection
	GlobalSection(ProjectConfigurationPlatforms) = postSolution
		{3643ADCE-3A22-4702-8194-3C7BC51C0790}.Debug|Any CPU.ActiveCfg = Debug|Any CPU
		{3643ADCE-3A22-4702-8194-3C7BC51C0790}.Debug|Any CPU.Build.0 = Debug|Any CPU
		{3643ADCE-3A22-4702-8194-3C7BC51C0790}.Release|Any CPU.ActiveCfg = Release|Any CPU
		{3643ADCE-3A22-4702-8194-3C7BC51C0790}.Release|Any CPU.Build.0 = Release|Any CPU
		{FBBA4342-4721-4927-A369-F6BFE5FC4B23}.Debug|Any CPU.ActiveCfg = Debug|Any CPU
		{FBBA4342-4721-4927-A369-F6BFE5FC4B23}.Debug|Any CPU.Build.0 = Debug|Any CPU
		{FBBA4342-4721-4927-A369-F6BFE5FC4B23}.Release|Any CPU.ActiveCfg = Release|Any CPU
		{FBBA4342-4721-4927-A369-F6BFE5FC4B23}.Release|Any CPU.Build.0 = Release|Any CPU
		{EFB3D66C-B80B-4EBE-AFED-20BC01B56252}.Debug|Any CPU.ActiveCfg = Debug|Any CPU
		{EFB3D66C-B80B-4EBE-AFED-20BC01B56252}.Debug|Any CPU.Build.0 = Debug|Any CPU
		{EFB3D66C-B80B-4EBE-AFED-20BC01B56252}.Release|Any CPU.ActiveCfg = Release|Any CPU
		{EFB3D66C-B80B-4EBE-AFED-20BC01B56252}.Release|Any CPU.Build.0 = Release|Any CPU
		{56C5E564-8F59-4654-BC5B-C845E71BAEF9}.Debug|Any CPU.ActiveCfg = Debug|Any CPU
		{56C5E564-8F59-4654-BC5B-C845E71BAEF9}.Debug|Any CPU.Build.0 = Debug|Any CPU
		{56C5E564-8F59-4654-BC5B-C845E71BAEF9}.Release|Any CPU.ActiveCfg = Release|Any CPU
		{56C5E564-8F59-4654-BC5B-C845E71BAEF9}.Release|Any CPU.Build.0 = Release|Any CPU
		{E4507209-1388-4E27-A0B6-CE8076E7338C}.Debug|Any CPU.ActiveCfg = Debug|Any CPU
		{E4507209-1388-4E27-A0B6-CE8076E7338C}.Debug|Any CPU.Build.0 = Debug|Any CPU
		{E4507209-1388-4E27-A0B6-CE8076E7338C}.Release|Any CPU.ActiveCfg = Release|Any CPU
		{E4507209-1388-4E27-A0B6-CE8076E7338C}.Release|Any CPU.Build.0 = Release|Any CPU
		{9557597D-EE7A-4C75-BBD2-1F213E351B7E}.Debug|Any CPU.ActiveCfg = Debug|Any CPU
		{9557597D-EE7A-4C75-BBD2-1F213E351B7E}.Debug|Any CPU.Build.0 = Debug|Any CPU
		{9557597D-EE7A-4C75-BBD2-1F213E351B7E}.Release|Any CPU.ActiveCfg = Release|Any CPU
		{9557597D-EE7A-4C75-BBD2-1F213E351B7E}.Release|Any CPU.Build.0 = Release|Any CPU
		{279A714D-B310-4EBC-9B8C-BD00B0B9B4BD}.Debug|Any CPU.ActiveCfg = Debug|Any CPU
		{279A714D-B310-4EBC-9B8C-BD00B0B9B4BD}.Debug|Any CPU.Build.0 = Debug|Any CPU
		{279A714D-B310-4EBC-9B8C-BD00B0B9B4BD}.Release|Any CPU.ActiveCfg = Release|Any CPU
		{279A714D-B310-4EBC-9B8C-BD00B0B9B4BD}.Release|Any CPU.Build.0 = Release|Any CPU
	EndGlobalSection
	GlobalSection(SolutionProperties) = preSolution
		HideSolutionNode = FALSE
	EndGlobalSection
	GlobalSection(NestedProjects) = preSolution
		{3643ADCE-3A22-4702-8194-3C7BC51C0790} = {6780C23F-0615-4B75-B059-F03DE9A81328}
		{FBBA4342-4721-4927-A369-F6BFE5FC4B23} = {6780C23F-0615-4B75-B059-F03DE9A81328}
		{EFB3D66C-B80B-4EBE-AFED-20BC01B56252} = {E9D37720-0626-42EA-968B-0D9BACEE3A31}
		{56C5E564-8F59-4654-BC5B-C845E71BAEF9} = {E9D37720-0626-42EA-968B-0D9BACEE3A31}
		{E4507209-1388-4E27-A0B6-CE8076E7338C} = {E9D37720-0626-42EA-968B-0D9BACEE3A31}
		{9557597D-EE7A-4C75-BBD2-1F213E351B7E} = {2B008A1E-8BF0-45C8-8525-5EF54AA72CD5}
		{279A714D-B310-4EBC-9B8C-BD00B0B9B4BD} = {2B008A1E-8BF0-45C8-8525-5EF54AA72CD5}
	EndGlobalSection
	GlobalSection(ExtensibilityGlobals) = postSolution
		SolutionGuid = {070AF34A-8D1A-48FF-93D2-F8201B605942}
	EndGlobalSection
EndGlobal
